{
  "name": "Smore",
  "lockfileVersion": 3,
  "requires": true,
  "packages": {
    "": {
      "dependencies": {
        "i18next": "^26.3.6"
      }
    },
    "node_modules/i18next": {
      "version": "26.3.6",
      "resolved": "https://registry.npmjs.org/i18next/-/i18next-26.3.6.tgz",
      "integrity": "sha512-Bu5Z2nAXgfVyM8xvW3jk9EKRIuX37PudsrBViThNFx7CR7aaYTpP01cxNB/E4c4UUzTDiAZRstEhsRfPOL/8xA==",
      "funding": [
        {
          "type": "individual",
          "url": "https://www.locize.com/i18next"
        },
        {
          "type": "individual",
          "url": "https://www.i18next.com/how-to/faq#i18next-is-awesome.-how-can-i-support-the-project"
        },
        {
          "type": "individual",
          "url": "https://www.locize.com"
        }
      ],
      "license": "MIT",
      "peerDependencies": {
        "typescript": "^5 || ^6 || ^7"
      },
      "peerDependenciesMeta": {
        "typescript": {
          "optional": true
        }
      }
    }
  }
}
